
Microsoft Visual Studio Solution File, Format Version 12.00
# Visual Studio Version 17
VisualStudioVersion = 17.9.34616.47
MinimumVisualStudioVersion = 10.0.40219.1
Project("{FAE04EC0-301F-11D3-BF4B-00C04F79EFBC}") = "Pronun.SpeechToText.RealTime", "Pronun.SpeechToText.RealTime.csproj", "{7AC7D196-C5B2-4FE9-AE0C-DD29874DF7FF}"
EndProject
Global
	GlobalSection(SolutionConfigurationPlatforms) = preSolution
		Debug|Any CPU = Debug|Any CPU
		Release|Any CPU = Release|Any CPU
	EndGlobalSection
	GlobalSection(ProjectConfigurationPlatforms) = postSolution
		{7AC7D196-C5B2-4FE9-AE0C-DD29874DF7FF}.Debug|Any CPU.ActiveCfg = Debug|Any CPU
		{7AC7D196-C5B2-4FE9-AE0C-DD29874DF7FF}.Debug|Any CPU.Build.0 = Debug|Any CPU
		{7AC7D196-C5B2-4FE9-AE0C-DD29874DF7FF}.Release|Any CPU.ActiveCfg = Release|Any CPU
		{7AC7D196-C5B2-4FE9-AE0C-DD29874DF7FF}.Release|Any CPU.Build.0 = Release|Any CPU
	EndGlobalSection
	GlobalSection(SolutionProperties) = preSolution
		HideSolutionNode = FALSE
	EndGlobalSection
	GlobalSection(ExtensibilityGlobals) = postSolution
		SolutionGuid = {F7C1F93D-D2F3-4103-B093-2D1910CF62B1}
	EndGlobalSection
EndGlobal
